// !$*UTF8*$!
{
	archiveVersion = 1;
	classes = {
	};
	objectVersion = 56;
	objects = {

/* Begin PBXBuildFile section */
		47AD6A0C290CF70D006295B9 /* UI_781App.swift in Sources */ = {isa = PBXBuildFile; fileRef = 47AD6A0B290CF70D006295B9 /* UI_781App.swift */; };
		47AD6A0E290CF70D006295B9 /* ContentView.swift in Sources */ = {isa = PBXBuildFile; fileRef = 47AD6A0D290CF70D006295B9 /* ContentView.swift */; };
		47AD6A10290CF70E006295B9 /* Assets.xcassets in Resources */ = {isa = PBXBuildFile; fileRef = 47AD6A0F290CF70E006295B9 /* Assets.xcassets */; };
		47AD6A13290CF70E006295B9 /* Preview Assets.xcassets in Resources */ = {isa = PBXBuildFile; fileRef = 47AD6A12290CF70E006295B9 /* Preview Assets.xcassets */; };
		47AD6A1D290CF70E006295B9 /* UI_781Tests.swift in Sources */ = {isa = PBXBuildFile; fileRef = 47AD6A1C290CF70E006295B9 /* UI_781Tests.swift */; };
		47AD6A27290CF70E006295B9 /* UI_781UITests.swift in Sources */ = {isa = PBXBuildFile; fileRef = 47AD6A26290CF70E006295B9 /* UI_781UITests.swift */; };
		47AD6A29290CF70E006295B9 /* UI_781UITestsLaunchTests.swift in Sources */ = {isa = PBXBuildFile; fileRef = 47AD6A28290CF70E006295B9 /* UI_781UITestsLaunchTests.swift */; };
		47AD6A37290CF757006295B9 /* Card.swift in Sources */ = {isa = PBXBuildFile; fileRef = 47AD6A36290CF757006295B9 /* Card.swift */; };
		47AD6A3A290CF770006295B9 /* Home.swift in Sources */ = {isa = PBXBuildFile; fileRef = 47AD6A39290CF770006295B9 /* Home.swift */; };
		47AD6A3C290CF83A006295B9 /* CrouselView.swift in Sources */ = {isa = PBXBuildFile; fileRef = 47AD6A3B290CF83A006295B9 /* CrouselView.swift */; };
/* End PBXBuildFile section */

/* Begin PBXContainerItemProxy section */
		47AD6A19290CF70E006295B9 /* PBXContainerItemProxy */ = {
			isa = PBXContainerItemProxy;
			containerPortal = 47AD6A00290CF70D006295B9 /* Project object */;
			proxyType = 1;
			remoteGlobalIDString = 47AD6A07290CF70D006295B9;
			remoteInfo = "UI-781";
		};
		47AD6A23290CF70E006295B9 /* PBXContainerItemProxy */ = {
			isa = PBXContainerItemProxy;
			containerPortal = 47AD6A00290CF70D006295B9 /* Project object */;
			proxyType = 1;
			remoteGlobalIDString = 47AD6A07290CF70D006295B9;
			remoteInfo = "UI-781";
		};
/* End PBXContainerItemProxy section */

/* Begin PBXFileReference section */
		47AD6A08290CF70D006295B9 /* UI-781.app */ = {isa = PBXFileReference; explicitFileType = wrapper.application; includeInIndex = 0; path = "UI-781.app"; sourceTree = BUILT_PRODUCTS_DIR; };
		47AD6A0B290CF70D006295B9 /* UI_781App.swift */ = {isa = PBXFileReference; lastKnownFileType = sourcecode.swift; path = UI_781App.swift; sourceTree = "<group>"; };
		47AD6A0D290CF70D006295B9 /* ContentView.swift */ = {isa = PBXFileReference; lastKnownFileType = sourcecode.swift; path = ContentView.swift; sourceTree = "<group>"; };
		47AD6A0F290CF70E006295B9 /* Assets.xcassets */ = {isa = PBXFileReference; lastKnownFileType = folder.assetcatalog; path = Assets.xcassets; sourceTree = "<group>"; };
		47AD6A12290CF70E006295B9 /* Preview Assets.xcassets */ = {isa = PBXFileReference; lastKnownFileType = folder.assetcatalog; path = "Preview Assets.xcassets"; sourceTree = "<group>"; };
		47AD6A18290CF70E006295B9 /* UI-781Tests.xctest */ = {isa = PBXFileReference; explicitFileType = wrapper.cfbundle; includeInIndex = 0; path = "UI-781Tests.xctest"; sourceTree = BUILT_PRODUCTS_DIR; };
		47AD6A1C290CF70E006295B9 /* UI_781Tests.swift */ = {isa = PBXFileReference; lastKnownFileType = sourcecode.swift; path = UI_781Tests.swift; sourceTree = "<group>"; };
		47AD6A22290CF70E006295B9 /* UI-781UITests.xctest */ = {isa = PBXFileReference; explicitFileType = wrapper.cfbundle; includeInIndex = 0; path = "UI-781UITests.xctest"; sourceTree = BUILT_PRODUCTS_DIR; };
		47AD6A26290CF70E006295B9 /* UI_781UITests.swift */ = {isa = PBXFileReference; lastKnownFileType = sourcecode.swift; path = UI_781UITests.swift; sourceTree = "<group>"; };
		47AD6A28290CF70E006295B9 /* UI_781UITestsLaunchTests.swift */ = {isa = PBXFileReference; lastKnownFileType = sourcecode.swift; path = UI_781UITestsLaunchTests.swift; sourceTree = "<group>"; };
		47AD6A36290CF757006295B9 /* Card.swift */ = {isa = PBXFileReference; lastKnownFileType = sourcecode.swift; path = Card.swift; sourceTree = "<group>"; };
		47AD6A39290CF770006295B9 /* Home.swift */ = {isa = PBXFileReference; lastKnownFileType = sourcecode.swift; path = Home.swift; sourceTree = "<group>"; };
		47AD6A3B290CF83A006295B9 /* CrouselView.swift */ = {isa = PBXFileReference; lastKnownFileType = sourcecode.swift; path = CrouselView.swift; sourceTree = "<group>"; };
/* End PBXFileReference section */

/* Begin PBXFrameworksBuildPhase section */
		47AD6A05290CF70D006295B9 /* Frameworks */ = {
			isa = PBXFrameworksBuildPhase;
			buildActionMask = 2147483647;
			files = (
			);
			runOnlyForDeploymentPostprocessing = 0;
		};
		47AD6A15290CF70E006295B9 /* Frameworks */ = {
			isa = PBXFrameworksBuildPhase;
			buildActionMask = 2147483647;
			files = (
			);
			runOnlyForDeploymentPostprocessing = 0;
		};
		47AD6A1F290CF70E006295B9 /* Frameworks */ = {
			isa = PBXFrameworksBuildPhase;
			buildActionMask = 2147483647;
			files = (
			);
			runOnlyForDeploymentPostprocessing = 0;
		};
/* End PBXFrameworksBuildPhase section */

/* Begin PBXGroup section */
		47AD69FF290CF70D006295B9 = {
			isa = PBXGroup;
			children = (
				47AD6A0A290CF70D006295B9 /* UI-781 */,
				47AD6A1B290CF70E006295B9 /* UI-781Tests */,
				47AD6A25290CF70E006295B9 /* UI-781UITests */,
				47AD6A09290CF70D006295B9 /* Products */,
			);
			sourceTree = "<group>";
		};
		47AD6A09290CF70D006295B9 /* Products */ = {
			isa = PBXGroup;
			children = (
				47AD6A08290CF70D006295B9 /* UI-781.app */,
				47AD6A18290CF70E006295B9 /* UI-781Tests.xctest */,
				47AD6A22290CF70E006295B9 /* UI-781UITests.xctest */,
			);
			name = Products;
			sourceTree = "<group>";
		};
		47AD6A0A290CF70D006295B9 /* UI-781 */ = {
			isa = PBXGroup;
			children = (
				47AD6A38290CF76B006295B9 /* View */,
				47AD6A35290CF751006295B9 /* Model */,
				47AD6A0B290CF70D006295B9 /* UI_781App.swift */,
				47AD6A0D290CF70D006295B9 /* ContentView.swift */,
				47AD6A0F290CF70E006295B9 /* Assets.xcassets */,
				47AD6A11290CF70E006295B9 /* Preview Content */,
			);
			path = "UI-781";
			sourceTree = "<group>";
		};
		47AD6A11290CF70E006295B9 /* Preview Content */ = {
			isa = PBXGroup;
			children = (
				47AD6A12290CF70E006295B9 /* Preview Assets.xcassets */,
			);
			path = "Preview Content";
			sourceTree = "<group>";
		};
		47AD6A1B290CF70E006295B9 /* UI-781Tests */ = {
			isa = PBXGroup;
			children = (
				47AD6A1C290CF70E006295B9 /* UI_781Tests.swift */,
			);
			path = "UI-781Tests";
			sourceTree = "<group>";
		};
		47AD6A25290CF70E006295B9 /* UI-781UITests */ = {
			isa = PBXGroup;
			children = (
				47AD6A26290CF70E006295B9 /* UI_781UITests.swift */,
				47AD6A28290CF70E006295B9 /* UI_781UITestsLaunchTests.swift */,
			);
			path = "UI-781UITests";
			sourceTree = "<group>";
		};
		47AD6A35290CF751006295B9 /* Model */ = {
			isa = PBXGroup;
			children = (
				47AD6A36290CF757006295B9 /* Card.swift */,
			);
			path = Model;
			sourceTree = "<group>";
		};
		47AD6A38290CF76B006295B9 /* View */ = {
			isa = PBXGroup;
			children = (
				47AD6A39290CF770006295B9 /* Home.swift */,
				47AD6A3B290CF83A006295B9 /* CrouselView.swift */,
			);
			path = View;
			sourceTree = "<group>";
		};
/* End PBXGroup section */

/* Begin PBXNativeTarget section */
		47AD6A07290CF70D006295B9 /* UI-781 */ = {
			isa = PBXNativeTarget;
			buildConfigurationList = 47AD6A2C290CF70E006295B9 /* Build configuration list for PBXNativeTarget "UI-781" */;
			buildPhases = (
				47AD6A04290CF70D006295B9 /* Sources */,
				47AD6A05290CF70D006295B9 /* Frameworks */,
				47AD6A06290CF70D006295B9 /* Resources */,
			);
			buildRules = (
			);
			dependencies = (
			);
			name = "UI-781";
			productName = "UI-781";
			productReference = 47AD6A08290CF70D006295B9 /* UI-781.app */;
			productType = "com.apple.product-type.application";
		};
		47AD6A17290CF70E006295B9 /* UI-781Tests */ = {
			isa = PBXNativeTarget;
			buildConfigurationList = 47AD6A2F290CF70E006295B9 /* Build configuration list for PBXNativeTarget "UI-781Tests" */;
			buildPhases = (
				47AD6A14290CF70E006295B9 /* Sources */,
				47AD6A15290CF70E006295B9 /* Frameworks */,
				47AD6A16290CF70E006295B9 /* Resources */,
			);
			buildRules = (
			);
			dependencies = (
				47AD6A1A290CF70E006295B9 /* PBXTargetDependency */,
			);
			name = "UI-781Tests";
			productName = "UI-781Tests";
			productReference = 47AD6A18290CF70E006295B9 /* UI-781Tests.xctest */;
			productType = "com.apple.product-type.bundle.unit-test";
		};
		47AD6A21290CF70E006295B9 /* UI-781UITests */ = {
			isa = PBXNativeTarget;
			buildConfigurationList = 47AD6A32290CF70E006295B9 /* Build configuration list for PBXNativeTarget "UI-781UITests" */;
			buildPhases = (
				47AD6A1E290CF70E006295B9 /* Sources */,
				47AD6A1F290CF70E006295B9 /* Frameworks */,
				47AD6A20290CF70E006295B9 /* Resources */,
			);
			buildRules = (
			);
			dependencies = (
				47AD6A24290CF70E006295B9 /* PBXTargetDependency */,
			);
			name = "UI-781UITests";
			productName = "UI-781UITests";
			productReference = 47AD6A22290CF70E006295B9 /* UI-781UITests.xctest */;
			productType = "com.apple.product-type.bundle.ui-testing";
		};
/* End PBXNativeTarget section */

/* Begin PBXProject section */
		47AD6A00290CF70D006295B9 /* Project object */ = {
			isa = PBXProject;
			attributes = {
				BuildIndependentTargetsInParallel = 1;
				LastSwiftUpdateCheck = 1410;
				LastUpgradeCheck = 1410;
				TargetAttributes = {
					47AD6A07290CF70D006295B9 = {
						CreatedOnToolsVersion = 14.1;
					};
					47AD6A17290CF70E006295B9 = {
						CreatedOnToolsVersion = 14.1;
						TestTargetID = 47AD6A07290CF70D006295B9;
					};
					47AD6A21290CF70E006295B9 = {
						CreatedOnToolsVersion = 14.1;
						TestTargetID = 47AD6A07290CF70D006295B9;
					};
				};
			};
			buildConfigurationList = 47AD6A03290CF70D006295B9 /* Build configuration list for PBXProject "UI-781" */;
			compatibilityVersion = "Xcode 14.0";
			developmentRegion = en;
			hasScannedForEncodings = 0;
			knownRegions = (
				en,
				Base,
			);
			mainGroup = 47AD69FF290CF70D006295B9;
			productRefGroup = 47AD6A09290CF70D006295B9 /* Products */;
			projectDirPath = "";
			projectRoot = "";
			targets = (
				47AD6A07290CF70D006295B9 /* UI-781 */,
				47AD6A17290CF70E006295B9 /* UI-781Tests */,
				47AD6A21290CF70E006295B9 /* UI-781UITests */,
			);
		};
/* End PBXProject section */

/* Begin PBXResourcesBuildPhase section */
		47AD6A06290CF70D006295B9 /* Resources */ = {
			isa = PBXResourcesBuildPhase;
			buildActionMask = 2147483647;
			files = (
				47AD6A13290CF70E006295B9 /* Preview Assets.xcassets in Resources */,
				47AD6A10290CF70E006295B9 /* Assets.xcassets in Resources */,
			);
			runOnlyForDeploymentPostprocessing = 0;
		};
		47AD6A16290CF70E006295B9 /* Resources */ = {
			isa = PBXResourcesBuildPhase;
			buildActionMask = 2147483647;
			files = (
			);
			runOnlyForDeploymentPostprocessing = 0;
		};
		47AD6A20290CF70E006295B9 /* Resources */ = {
			isa = PBXResourcesBuildPhase;
			buildActionMask = 2147483647;
			files = (
			);
			runOnlyForDeploymentPostprocessing = 0;
		};
/* End PBXResourcesBuildPhase section */

/* Begin PBXSourcesBuildPhase section */
		47AD6A04290CF70D006295B9 /* Sources */ = {
			isa = PBXSourcesBuildPhase;
			buildActionMask = 2147483647;
			files = (
				47AD6A0E290CF70D006295B9 /* ContentView.swift in Sources */,
				47AD6A37290CF757006295B9 /* Card.swift in Sources */,
				47AD6A3A290CF770006295B9 /* Home.swift in Sources */,
				47AD6A0C290CF70D006295B9 /* UI_781App.swift in Sources */,
				47AD6A3C290CF83A006295B9 /* CrouselView.swift in Sources */,
			);
			runOnlyForDeploymentPostprocessing = 0;
		};
		47AD6A14290CF70E006295B9 /* Sources */ = {
			isa = PBXSourcesBuildPhase;
			buildActionMask = 2147483647;
			files = (
				47AD6A1D290CF70E006295B9 /* UI_781Tests.swift in Sources */,
			);
			runOnlyForDeploymentPostprocessing = 0;
		};
		47AD6A1E290CF70E006295B9 /* Sources */ = {
			isa = PBXSourcesBuildPhase;
			buildActionMask = 2147483647;
			files = (
				47AD6A27290CF70E006295B9 /* UI_781UITests.swift in Sources */,
				47AD6A29290CF70E006295B9 /* UI_781UITestsLaunchTests.swift in Sources */,
			);
			runOnlyForDeploymentPostprocessing = 0;
		};
/* End PBXSourcesBuildPhase section */

/* Begin PBXTargetDependency section */
		47AD6A1A290CF70E006295B9 /* PBXTargetDependency */ = {
			isa = PBXTargetDependency;
			target = 47AD6A07290CF70D006295B9 /* UI-781 */;
			targetProxy = 47AD6A19290CF70E006295B9 /* PBXContainerItemProxy */;
		};
		47AD6A24290CF70E006295B9 /* PBXTargetDependency */ = {
			isa = PBXTargetDependency;
			target = 47AD6A07290CF70D006295B9 /* UI-781 */;
			targetProxy = 47AD6A23290CF70E006295B9 /* PBXContainerItemProxy */;
		};
/* End PBXTargetDependency section */

/* Begin XCBuildConfiguration section */
		47AD6A2A290CF70E006295B9 /* Debug */ = {
			isa = XCBuildConfiguration;
			buildSettings = {
				ALWAYS_SEARCH_USER_PATHS = NO;
				CLANG_ANALYZER_NONNULL = YES;
				CLANG_ANALYZER_NUMBER_OBJECT_CONVERSION = YES_AGGRESSIVE;
				CLANG_CXX_LANGUAGE_STANDARD = "gnu++20";
				CLANG_ENABLE_MODULES = YES;
				CLANG_ENABLE_OBJC_ARC = YES;
				CLANG_ENABLE_OBJC_WEAK = YES;
				CLANG_WARN_BLOCK_CAPTURE_AUTORELEASING = YES;
				CLANG_WARN_BOOL_CONVERSION = YES;
				CLANG_WARN_COMMA = YES;
				CLANG_WARN_CONSTANT_CONVERSION = YES;
				CLANG_WARN_DEPRECATED_OBJC_IMPLEMENTATIONS = YES;
				CLANG_WARN_DIRECT_OBJC_ISA_USAGE = YES_ERROR;
				CLANG_WARN_DOCUMENTATION_COMMENTS = YES;
				CLANG_WARN_EMPTY_BODY = YES;
				CLANG_WARN_ENUM_CONVERSION = YES;
				CLANG_WARN_INFINITE_RECURSION = YES;
				CLANG_WARN_INT_CONVERSION = YES;
				CLANG_WARN_NON_LITERAL_NULL_CONVERSION = YES;
				CLANG_WARN_OBJC_IMPLICIT_RETAIN_SELF = YES;
				CLANG_WARN_OBJC_LITERAL_CONVERSION = YES;
				CLANG_WARN_OBJC_ROOT_CLASS = YES_ERROR;
				CLANG_WARN_QUOTED_INCLUDE_IN_FRAMEWORK_HEADER = YES;
				CLANG_WARN_RANGE_LOOP_ANALYSIS = YES;
				CLANG_WARN_STRICT_PROTOTYPES = YES;
				CLANG_WARN_SUSPICIOUS_MOVE = YES;
				CLANG_WARN_UNGUARDED_AVAILABILITY = YES_AGGRESSIVE;
				CLANG_WARN_UNREACHABLE_CODE = YES;
				CLANG_WARN__DUPLICATE_METHOD_MATCH = YES;
				COPY_PHASE_STRIP = NO;
				DEBUG_INFORMATION_FORMAT = dwarf;
				ENABLE_STRICT_OBJC_MSGSEND = YES;
				ENABLE_TESTABILITY = YES;
				GCC_C_LANGUAGE_STANDARD = gnu11;
				GCC_DYNAMIC_NO_PIC = NO;
				GCC_NO_COMMON_BLOCKS = YES;
				GCC_OPTIMIZATION_LEVEL = 0;
				GCC_PREPROCESSOR_DEFINITIONS = (
					"DEBUG=1",
					"$(inherited)",
				);
				GCC_WARN_64_TO_32_BIT_CONVERSION = YES;
				GCC_WARN_ABOUT_RETURN_TYPE = YES_ERROR;
				GCC_WARN_UNDECLARED_SELECTOR = YES;
				GCC_WARN_UNINITIALIZED_AUTOS = YES_AGGRESSIVE;
				GCC_WARN_UNUSED_FUNCTION = YES;
				GCC_WARN_UNUSED_VARIABLE = YES;
				IPHONEOS_DEPLOYMENT_TARGET = 16.1;
				MTL_ENABLE_DEBUG_INFO = INCLUDE_SOURCE;
				MTL_FAST_MATH = YES;
				ONLY_ACTIVE_ARCH = YES;
				SDKROOT = iphoneos;
				SWIFT_ACTIVE_COMPILATION_CONDITIONS = DEBUG;
				SWIFT_OPTIMIZATION_LEVEL = "-Onone";
			};
			name = Debug;
		};
		47AD6A2B290CF70E006295B9 /* Release */ = {
			isa = XCBuildConfiguration;
			buildSettings = {
				ALWAYS_SEARCH_USER_PATHS = NO;
				CLANG_ANALYZER_NONNULL = YES;
				CLANG_ANALYZER_NUMBER_OBJECT_CONVERSION = YES_AGGRESSIVE;
				CLANG_CXX_LANGUAGE_STANDARD = "gnu++20";
				CLANG_ENABLE_MODULES = YES;
				CLANG_ENABLE_OBJC_ARC = YES;
				CLANG_ENABLE_OBJC_WEAK = YES;
				CLANG_WARN_BLOCK_CAPTURE_AUTORELEASING = YES;
				CLANG_WARN_BOOL_CONVERSION = YES;
				CLANG_WARN_COMMA = YES;
				CLANG_WARN_CONSTANT_CONVERSION = YES;
				CLANG_WARN_DEPRECATED_OBJC_IMPLEMENTATIONS = YES;
				CLANG_WARN_DIRECT_OBJC_ISA_USAGE = YES_ERROR;
				CLANG_WARN_DOCUMENTATION_COMMENTS = YES;
				CLANG_WARN_EMPTY_BODY = YES;
				CLANG_WARN_ENUM_CONVERSION = YES;
				CLANG_WARN_INFINITE_RECURSION = YES;
				CLANG_WARN_INT_CONVERSION = YES;
				CLANG_WARN_NON_LITERAL_NULL_CONVERSION = YES;
				CLANG_WARN_OBJC_IMPLICIT_RETAIN_SELF = YES;
				CLANG_WARN_OBJC_LITERAL_CONVERSION = YES;
				CLANG_WARN_OBJC_ROOT_CLASS = YES_ERROR;
				CLANG_WARN_QUOTED_INCLUDE_IN_FRAMEWORK_HEADER = YES;
				CLANG_WARN_RANGE_LOOP_ANALYSIS = YES;
				CLANG_WARN_STRICT_PROTOTYPES = YES;
				CLANG_WARN_SUSPICIOUS_MOVE = YES;
				CLANG_WARN_UNGUARDED_AVAILABILITY = YES_AGGRESSIVE;
				CLANG_WARN_UNREACHABLE_CODE = YES;
				CLANG_WARN__DUPLICATE_METHOD_MATCH = YES;
				COPY_PHASE_STRIP = NO;
				DEBUG_INFORMATION_FORMAT = "dwarf-with-dsym";
				ENABLE_NS_ASSERTIONS = NO;
				ENABLE_STRICT_OBJC_MSGSEND = YES;
				GCC_C_LANGUAGE_STANDARD = gnu11;
				GCC_NO_COMMON_BLOCKS = YES;
				GCC_WARN_64_TO_32_BIT_CONVERSION = YES;
				GCC_WARN_ABOUT_RETURN_TYPE = YES_ERROR;
				GCC_WARN_UNDECLARED_SELECTOR = YES;
				GCC_WARN_UNINITIALIZED_AUTOS = YES_AGGRESSIVE;
				GCC_WARN_UNUSED_FUNCTION = YES;
				GCC_WARN_UNUSED_VARIABLE = YES;
				IPHONEOS_DEPLOYMENT_TARGET = 16.1;
				MTL_ENABLE_DEBUG_INFO = NO;
				MTL_FAST_MATH = YES;
				SDKROOT = iphoneos;
				SWIFT_COMPILATION_MODE = wholemodule;
				SWIFT_OPTIMIZATION_LEVEL = "-O";
				VALIDATE_PRODUCT = YES;
			};
			name = Release;
		};
		47AD6A2D290CF70E006295B9 /* Debug */ = {
			isa = XCBuildConfiguration;
			buildSettings = {
				ASSETCATALOG_COMPILER_APPICON_NAME = AppIcon;
				ASSETCATALOG_COMPILER_GLOBAL_ACCENT_COLOR_NAME = AccentColor;
				CODE_SIGN_STYLE = Automatic;
				CURRENT_PROJECT_VERSION = 1;
				DEVELOPMENT_ASSET_PATHS = "\"UI-781/Preview Content\"";
				DEVELOPMENT_TEAM = 8CL4U468K5;
				ENABLE_PREVIEWS = YES;
				GENERATE_INFOPLIST_FILE = YES;
				INFOPLIST_KEY_UIApplicationSceneManifest_Generation = YES;
				INFOPLIST_KEY_UIApplicationSupportsIndirectInputEvents = YES;
				INFOPLIST_KEY_UILaunchScreen_Generation = YES;
				INFOPLIST_KEY_UISupportedInterfaceOrientations_iPad = "UIInterfaceOrientationPortrait UIInterfaceOrientationPortraitUpsideDown UIInterfaceOrientationLandscapeLeft UIInterfaceOrientationLandscapeRight";
				INFOPLIST_KEY_UISupportedInterfaceOrientations_iPhone = "UIInterfaceOrientationPortrait UIInterfaceOrientationLandscapeLeft UIInterfaceOrientationLandscapeRight";
				LD_RUNPATH_SEARCH_PATHS = (
					"$(inherited)",
					"@executable_path/Frameworks",
				);
				MARKETING_VERSION = 1.0;
				PRODUCT_BUNDLE_IDENTIFIER = "com.585.UI-781";
				PRODUCT_NAME = "$(TARGET_NAME)";
				SWIFT_EMIT_LOC_STRINGS = YES;
				SWIFT_VERSION = 5.0;
				TARGETED_DEVICE_FAMILY = "1,2";
			};
			name = Debug;
		};
		47AD6A2E290CF70E006295B9 /* Release */ = {
			isa = XCBuildConfiguration;
			buildSettings = {
				ASSETCATALOG_COMPILER_APPICON_NAME = AppIcon;
				ASSETCATALOG_COMPILER_GLOBAL_ACCENT_COLOR_NAME = AccentColor;
				CODE_SIGN_STYLE = Automatic;
				CURRENT_PROJECT_VERSION = 1;
				DEVELOPMENT_ASSET_PATHS = "\"UI-781/Preview Content\"";
				DEVELOPMENT_TEAM = 8CL4U468K5;
				ENABLE_PREVIEWS = YES;
				GENERATE_INFOPLIST_FILE = YES;
				INFOPLIST_KEY_UIApplicationSceneManifest_Generation = YES;
				INFOPLIST_KEY_UIApplicationSupportsIndirectInputEvents = YES;
				INFOPLIST_KEY_UILaunchScreen_Generation = YES;
				INFOPLIST_KEY_UISupportedInterfaceOrientations_iPad = "UIInterfaceOrientationPortrait UIInterfaceOrientationPortraitUpsideDown UIInterfaceOrientationLandscapeLeft UIInterfaceOrientationLandscapeRight";
				INFOPLIST_KEY_UISupportedInterfaceOrientations_iPhone = "UIInterfaceOrientationPortrait UIInterfaceOrientationLandscapeLeft UIInterfaceOrientationLandscapeRight";
				LD_RUNPATH_SEARCH_PATHS = (
					"$(inherited)",
					"@executable_path/Frameworks",
				);
				MARKETING_VERSION = 1.0;
				PRODUCT_BUNDLE_IDENTIFIER = "com.585.UI-781";
				PRODUCT_NAME = "$(TARGET_NAME)";
				SWIFT_EMIT_LOC_STRINGS = YES;
				SWIFT_VERSION = 5.0;
				TARGETED_DEVICE_FAMILY = "1,2";
			};
			name = Release;
		};
		47AD6A30290CF70E006295B9 /* Debug */ = {
			isa = XCBuildConfiguration;
			buildSettings = {
				ALWAYS_EMBED_SWIFT_STANDARD_LIBRARIES = YES;
				BUNDLE_LOADER = "$(TEST_HOST)";
				CODE_SIGN_STYLE = Automatic;
				CURRENT_PROJECT_VERSION = 1;
				DEVELOPMENT_TEAM = 8CL4U468K5;
				GENERATE_INFOPLIST_FILE = YES;
				IPHONEOS_DEPLOYMENT_TARGET = 16.1;
				MARKETING_VERSION = 1.0;
				PRODUCT_BUNDLE_IDENTIFIER = "com.585.UI-781Tests";
				PRODUCT_NAME = "$(TARGET_NAME)";
				SWIFT_EMIT_LOC_STRINGS = NO;
				SWIFT_VERSION = 5.0;
				TARGETED_DEVICE_FAMILY = "1,2";
				TEST_HOST = "$(BUILT_PRODUCTS_DIR)/UI-781.app/$(BUNDLE_EXECUTABLE_FOLDER_PATH)/UI-781";
			};
			name = Debug;
		};
		47AD6A31290CF70E006295B9 /* Release */ = {
			isa = XCBuildConfiguration;
			buildSettings = {
				ALWAYS_EMBED_SWIFT_STANDARD_LIBRARIES = YES;
				BUNDLE_LOADER = "$(TEST_HOST)";
				CODE_SIGN_STYLE = Automatic;
				CURRENT_PROJECT_VERSION = 1;
				DEVELOPMENT_TEAM = 8CL4U468K5;
				GENERATE_INFOPLIST_FILE = YES;
				IPHONEOS_DEPLOYMENT_TARGET = 16.1;
				MARKETING_VERSION = 1.0;
				PRODUCT_BUNDLE_IDENTIFIER = "com.585.UI-781Tests";
				PRODUCT_NAME = "$(TARGET_NAME)";
				SWIFT_EMIT_LOC_STRINGS = NO;
				SWIFT_VERSION = 5.0;
				TARGETED_DEVICE_FAMILY = "1,2";
				TEST_HOST = "$(BUILT_PRODUCTS_DIR)/UI-781.app/$(BUNDLE_EXECUTABLE_FOLDER_PATH)/UI-781";
			};
			name = Release;
		};
		47AD6A33290CF70E006295B9 /* Debug */ = {
			isa = XCBuildConfiguration;
			buildSettings = {
				ALWAYS_EMBED_SWIFT_STANDARD_LIBRARIES = YES;
				CODE_SIGN_STYLE = Automatic;
				CURRENT_PROJECT_VERSION = 1;
				DEVELOPMENT_TEAM = 8CL4U468K5;
				GENERATE_INFOPLIST_FILE = YES;
				MARKETING_VERSION = 1.0;
				PRODUCT_BUNDLE_IDENTIFIER = "com.585.UI-781UITests";
				PRODUCT_NAME = "$(TARGET_NAME)";
				SWIFT_EMIT_LOC_STRINGS = NO;
				SWIFT_VERSION = 5.0;
				TARGETED_DEVICE_FAMILY = "1,2";
				TEST_TARGET_NAME = "UI-781";
			};
			name = Debug;
		};
		47AD6A34290CF70E006295B9 /* Release */ = {
			isa = XCBuildConfiguration;
			buildSettings = {
				ALWAYS_EMBED_SWIFT_STANDARD_LIBRARIES = YES;
				CODE_SIGN_STYLE = Automatic;
				CURRENT_PROJECT_VERSION = 1;
				DEVELOPMENT_TEAM = 8CL4U468K5;
				GENERATE_INFOPLIST_FILE = YES;
				MARKETING_VERSION = 1.0;
				PRODUCT_BUNDLE_IDENTIFIER = "com.585.UI-781UITests";
				PRODUCT_NAME = "$(TARGET_NAME)";
				SWIFT_EMIT_LOC_STRINGS = NO;
				SWIFT_VERSION = 5.0;
				TARGETED_DEVICE_FAMILY = "1,2";
				TEST_TARGET_NAME = "UI-781";
			};
			name = Release;
		};
/* End XCBuildConfiguration section */

/* Begin XCConfigurationList section */
		47AD6A03290CF70D006295B9 /* Build configuration list for PBXProject "UI-781" */ = {
			isa = XCConfigurationList;
			buildConfigurations = (
				47AD6A2A290CF70E006295B9 /* Debug */,
				47AD6A2B290CF70E006295B9 /* Release */,
			);
			defaultConfigurationIsVisible = 0;
			defaultConfigurationName = Release;
		};
		47AD6A2C290CF70E006295B9 /* Build configuration list for PBXNativeTarget "UI-781" */ = {
			isa = XCConfigurationList;
			buildConfigurations = (
				47AD6A2D290CF70E006295B9 /* Debug */,
				47AD6A2E290CF70E006295B9 /* Release */,
			);
			defaultConfigurationIsVisible = 0;
			defaultConfigurationName = Release;
		};
		47AD6A2F290CF70E006295B9 /* Build configuration list for PBXNativeTarget "UI-781Tests" */ = {
			isa = XCConfigurationList;
			buildConfigurations = (
				47AD6A30290CF70E006295B9 /* Debug */,
				47AD6A31290CF70E006295B9 /* Release */,
			);
			defaultConfigurationIsVisible = 0;
			defaultConfigurationName = Release;
		};
		47AD6A32290CF70E006295B9 /* Build configuration list for PBXNativeTarget "UI-781UITests" */ = {
			isa = XCConfigurationList;
			buildConfigurations = (
				47AD6A33290CF70E006295B9 /* Debug */,
				47AD6A34290CF70E006295B9 /* Release */,
			);
			defaultConfigurationIsVisible = 0;
			defaultConfigurationName = Release;
		};
/* End XCConfigurationList section */
	};
	rootObject = 47AD6A00290CF70D006295B9 /* Project object */;
}
